// !$*UTF8*$!
{
	archiveVersion = 1;
	classes = {
	};
	objectVersion = 50;
	objects = {

/* Begin PBXBuildFile section */
		2013B1A72260E21900E7AFB0 /* 105-BuildTree.swift in Sources */ = {isa = PBXBuildFile; fileRef = 2013B1A62260E21900E7AFB0 /* 105-BuildTree.swift */; };
		201528D02217E115006CBAC9 /* 450-DeleteNode.swift in Sources */ = {isa = PBXBuildFile; fileRef = 201528CF2217E115006CBAC9 /* 450-DeleteNode.swift */; };
		201528D22217FED5006CBAC9 /* 108-SortedArrayToBST.swift in Sources */ = {isa = PBXBuildFile; fileRef = 201528D12217FED5006CBAC9 /* 108-SortedArrayToBST.swift */; };
		201528D4221803C7006CBAC9 /* 230-KthSmallest.swift in Sources */ = {isa = PBXBuildFile; fileRef = 201528D3221803C7006CBAC9 /* 230-KthSmallest.swift */; };
		2056FA5D2209D0DB00AB3EA5 /* TreeNode.swift in Sources */ = {isa = PBXBuildFile; fileRef = 2056FA5C2209D0DB00AB3EA5 /* TreeNode.swift */; };
		2056FA5F2209D35200AB3EA5 /* 404-SumOfLeftLeaves.swift in Sources */ = {isa = PBXBuildFile; fileRef = 2056FA5E2209D35200AB3EA5 /* 404-SumOfLeftLeaves.swift */; };
		205C8DB621C7162D00DD5602 /* Stack.swift in Sources */ = {isa = PBXBuildFile; fileRef = 205C8DB521C7162D00DD5602 /* Stack.swift */; };
		207500C821C31AB700A63E0E /* BinarySearchTree.swift in Sources */ = {isa = PBXBuildFile; fileRef = 207500C721C31AB700A63E0E /* BinarySearchTree.swift */; };
		208DB9AC221653470061CD9A /* 104-MaxDepth.swift in Sources */ = {isa = PBXBuildFile; fileRef = 208DB9AB221653470061CD9A /* 104-MaxDepth.swift */; };
		208DB9AE2216584E0061CD9A /* 111-MinDepth.swift in Sources */ = {isa = PBXBuildFile; fileRef = 208DB9AD2216584E0061CD9A /* 111-MinDepth.swift */; };
		208DB9B022165AB30061CD9A /* 226-InvertTree.swift in Sources */ = {isa = PBXBuildFile; fileRef = 208DB9AF22165AB30061CD9A /* 226-InvertTree.swift */; };
		208DB9B222165D1D0061CD9A /* 100-IsSameTree.swift in Sources */ = {isa = PBXBuildFile; fileRef = 208DB9B122165D1D0061CD9A /* 100-IsSameTree.swift */; };
		208DB9B4221661C60061CD9A /* 101-IsSymmetric.swift in Sources */ = {isa = PBXBuildFile; fileRef = 208DB9B3221661C60061CD9A /* 101-IsSymmetric.swift */; };
		208DB9B6221668610061CD9A /* 222-CountNodes.swift in Sources */ = {isa = PBXBuildFile; fileRef = 208DB9B5221668610061CD9A /* 222-CountNodes.swift */; };
		208DB9B822166D380061CD9A /* 110-IsBalanced.swift in Sources */ = {isa = PBXBuildFile; fileRef = 208DB9B722166D380061CD9A /* 110-IsBalanced.swift */; };
		208DB9BA221681250061CD9A /* 112-HasPathSum.swift in Sources */ = {isa = PBXBuildFile; fileRef = 208DB9B9221681250061CD9A /* 112-HasPathSum.swift */; };
		208DB9BC22169F750061CD9A /* 257-BinaryTreePaths.swift in Sources */ = {isa = PBXBuildFile; fileRef = 208DB9BB22169F750061CD9A /* 257-BinaryTreePaths.swift */; };
		208DB9BE2216A2820061CD9A /* 113-PathSum2.swift in Sources */ = {isa = PBXBuildFile; fileRef = 208DB9BD2216A2820061CD9A /* 113-PathSum2.swift */; };
		208DB9C02216AB380061CD9A /* 129-SumNumbers.swift in Sources */ = {isa = PBXBuildFile; fileRef = 208DB9BF2216AB380061CD9A /* 129-SumNumbers.swift */; };
		208DB9C22216C2480061CD9A /* 437-PathSum3.swift in Sources */ = {isa = PBXBuildFile; fileRef = 208DB9C12216C2480061CD9A /* 437-PathSum3.swift */; };
		20B0ECA02249D577007F1742 /* 235-BSTLowestCommonAncestor.swift in Sources */ = {isa = PBXBuildFile; fileRef = 20B0EC9F2249D577007F1742 /* 235-BSTLowestCommonAncestor.swift */; };
		20B0ECA22249D5D7007F1742 /* 236-LowestCommonAncestor.swift in Sources */ = {isa = PBXBuildFile; fileRef = 20B0ECA12249D5D7007F1742 /* 236-LowestCommonAncestor.swift */; };
		20B3C7A221C1CEE1002814D9 /* main.swift in Sources */ = {isa = PBXBuildFile; fileRef = 20B3C7A121C1CEE1002814D9 /* main.swift */; };
		20EB0E412217A68600D122CC /* 98-IsValidBST.swift in Sources */ = {isa = PBXBuildFile; fileRef = 20EB0E402217A68600D122CC /* 98-IsValidBST.swift */; };
/* End PBXBuildFile section */

/* Begin PBXCopyFilesBuildPhase section */
		20B3C79C21C1CEE1002814D9 /* CopyFiles */ = {
			isa = PBXCopyFilesBuildPhase;
			buildActionMask = 2147483647;
			dstPath = /usr/share/man/man1/;
			dstSubfolderSpec = 0;
			files = (
			);
			runOnlyForDeploymentPostprocessing = 1;
		};
/* End PBXCopyFilesBuildPhase section */

/* Begin PBXFileReference section */
		2013B1A62260E21900E7AFB0 /* 105-BuildTree.swift */ = {isa = PBXFileReference; lastKnownFileType = sourcecode.swift; path = "105-BuildTree.swift"; sourceTree = "<group>"; };
		201528CF2217E115006CBAC9 /* 450-DeleteNode.swift */ = {isa = PBXFileReference; lastKnownFileType = sourcecode.swift; path = "450-DeleteNode.swift"; sourceTree = "<group>"; };
		201528D12217FED5006CBAC9 /* 108-SortedArrayToBST.swift */ = {isa = PBXFileReference; lastKnownFileType = sourcecode.swift; path = "108-SortedArrayToBST.swift"; sourceTree = "<group>"; };
		201528D3221803C7006CBAC9 /* 230-KthSmallest.swift */ = {isa = PBXFileReference; lastKnownFileType = sourcecode.swift; path = "230-KthSmallest.swift"; sourceTree = "<group>"; };
		2056FA5C2209D0DB00AB3EA5 /* TreeNode.swift */ = {isa = PBXFileReference; lastKnownFileType = sourcecode.swift; path = TreeNode.swift; sourceTree = "<group>"; };
		2056FA5E2209D35200AB3EA5 /* 404-SumOfLeftLeaves.swift */ = {isa = PBXFileReference; lastKnownFileType = sourcecode.swift; path = "404-SumOfLeftLeaves.swift"; sourceTree = "<group>"; };
		205C8DB521C7162D00DD5602 /* Stack.swift */ = {isa = PBXFileReference; lastKnownFileType = sourcecode.swift; path = Stack.swift; sourceTree = "<group>"; };
		207500C721C31AB700A63E0E /* BinarySearchTree.swift */ = {isa = PBXFileReference; lastKnownFileType = sourcecode.swift; path = BinarySearchTree.swift; sourceTree = "<group>"; };
		208DB9AB221653470061CD9A /* 104-MaxDepth.swift */ = {isa = PBXFileReference; lastKnownFileType = sourcecode.swift; path = "104-MaxDepth.swift"; sourceTree = "<group>"; };
		208DB9AD2216584E0061CD9A /* 111-MinDepth.swift */ = {isa = PBXFileReference; lastKnownFileType = sourcecode.swift; path = "111-MinDepth.swift"; sourceTree = "<group>"; };
		208DB9AF22165AB30061CD9A /* 226-InvertTree.swift */ = {isa = PBXFileReference; lastKnownFileType = sourcecode.swift; path = "226-InvertTree.swift"; sourceTree = "<group>"; };
		208DB9B122165D1D0061CD9A /* 100-IsSameTree.swift */ = {isa = PBXFileReference; lastKnownFileType = sourcecode.swift; path = "100-IsSameTree.swift"; sourceTree = "<group>"; };
		208DB9B3221661C60061CD9A /* 101-IsSymmetric.swift */ = {isa = PBXFileReference; lastKnownFileType = sourcecode.swift; path = "101-IsSymmetric.swift"; sourceTree = "<group>"; };
		208DB9B5221668610061CD9A /* 222-CountNodes.swift */ = {isa = PBXFileReference; lastKnownFileType = sourcecode.swift; path = "222-CountNodes.swift"; sourceTree = "<group>"; };
		208DB9B722166D380061CD9A /* 110-IsBalanced.swift */ = {isa = PBXFileReference; lastKnownFileType = sourcecode.swift; path = "110-IsBalanced.swift"; sourceTree = "<group>"; };
		208DB9B9221681250061CD9A /* 112-HasPathSum.swift */ = {isa = PBXFileReference; lastKnownFileType = sourcecode.swift; path = "112-HasPathSum.swift"; sourceTree = "<group>"; };
		208DB9BB22169F750061CD9A /* 257-BinaryTreePaths.swift */ = {isa = PBXFileReference; lastKnownFileType = sourcecode.swift; path = "257-BinaryTreePaths.swift"; sourceTree = "<group>"; };
		208DB9BD2216A2820061CD9A /* 113-PathSum2.swift */ = {isa = PBXFileReference; lastKnownFileType = sourcecode.swift; path = "113-PathSum2.swift"; sourceTree = "<group>"; };
		208DB9BF2216AB380061CD9A /* 129-SumNumbers.swift */ = {isa = PBXFileReference; lastKnownFileType = sourcecode.swift; path = "129-SumNumbers.swift"; sourceTree = "<group>"; };
		208DB9C12216C2480061CD9A /* 437-PathSum3.swift */ = {isa = PBXFileReference; lastKnownFileType = sourcecode.swift; path = "437-PathSum3.swift"; sourceTree = "<group>"; };
		20B0EC9F2249D577007F1742 /* 235-BSTLowestCommonAncestor.swift */ = {isa = PBXFileReference; lastKnownFileType = sourcecode.swift; path = "235-BSTLowestCommonAncestor.swift"; sourceTree = "<group>"; };
		20B0ECA12249D5D7007F1742 /* 236-LowestCommonAncestor.swift */ = {isa = PBXFileReference; lastKnownFileType = sourcecode.swift; path = "236-LowestCommonAncestor.swift"; sourceTree = "<group>"; };
		20B3C79E21C1CEE1002814D9 /* BinaryTree */ = {isa = PBXFileReference; explicitFileType = "compiled.mach-o.executable"; includeInIndex = 0; path = BinaryTree; sourceTree = BUILT_PRODUCTS_DIR; };
		20B3C7A121C1CEE1002814D9 /* main.swift */ = {isa = PBXFileReference; lastKnownFileType = sourcecode.swift; path = main.swift; sourceTree = "<group>"; };
		20EB0E402217A68600D122CC /* 98-IsValidBST.swift */ = {isa = PBXFileReference; lastKnownFileType = sourcecode.swift; path = "98-IsValidBST.swift"; sourceTree = "<group>"; };
/* End PBXFileReference section */

/* Begin PBXFrameworksBuildPhase section */
		20B3C79B21C1CEE1002814D9 /* Frameworks */ = {
			isa = PBXFrameworksBuildPhase;
			buildActionMask = 2147483647;
			files = (
			);
			runOnlyForDeploymentPostprocessing = 0;
		};
/* End PBXFrameworksBuildPhase section */

/* Begin PBXGroup section */
		20B3C79521C1CEE1002814D9 = {
			isa = PBXGroup;
			children = (
				20B3C7A021C1CEE1002814D9 /* BinaryTree */,
				20B3C79F21C1CEE1002814D9 /* Products */,
			);
			sourceTree = "<group>";
		};
		20B3C79F21C1CEE1002814D9 /* Products */ = {
			isa = PBXGroup;
			children = (
				20B3C79E21C1CEE1002814D9 /* BinaryTree */,
			);
			name = Products;
			sourceTree = "<group>";
		};
		20B3C7A021C1CEE1002814D9 /* BinaryTree */ = {
			isa = PBXGroup;
			children = (
				20B3C7A121C1CEE1002814D9 /* main.swift */,
				2056FA5C2209D0DB00AB3EA5 /* TreeNode.swift */,
				207500C721C31AB700A63E0E /* BinarySearchTree.swift */,
				205C8DB521C7162D00DD5602 /* Stack.swift */,
				208DB9AB221653470061CD9A /* 104-MaxDepth.swift */,
				208DB9AD2216584E0061CD9A /* 111-MinDepth.swift */,
				208DB9AF22165AB30061CD9A /* 226-InvertTree.swift */,
				208DB9B122165D1D0061CD9A /* 100-IsSameTree.swift */,
				208DB9B3221661C60061CD9A /* 101-IsSymmetric.swift */,
				208DB9B5221668610061CD9A /* 222-CountNodes.swift */,
				208DB9B722166D380061CD9A /* 110-IsBalanced.swift */,
				208DB9B9221681250061CD9A /* 112-HasPathSum.swift */,
				2056FA5E2209D35200AB3EA5 /* 404-SumOfLeftLeaves.swift */,
				208DB9BB22169F750061CD9A /* 257-BinaryTreePaths.swift */,
				208DB9BD2216A2820061CD9A /* 113-PathSum2.swift */,
				208DB9BF2216AB380061CD9A /* 129-SumNumbers.swift */,
				208DB9C12216C2480061CD9A /* 437-PathSum3.swift */,
				20B0EC9F2249D577007F1742 /* 235-BSTLowestCommonAncestor.swift */,
				20B0ECA12249D5D7007F1742 /* 236-LowestCommonAncestor.swift */,
				20EB0E402217A68600D122CC /* 98-IsValidBST.swift */,
				201528CF2217E115006CBAC9 /* 450-DeleteNode.swift */,
				201528D12217FED5006CBAC9 /* 108-SortedArrayToBST.swift */,
				201528D3221803C7006CBAC9 /* 230-KthSmallest.swift */,
				2013B1A62260E21900E7AFB0 /* 105-BuildTree.swift */,
			);
			path = BinaryTree;
			sourceTree = "<group>";
		};
/* End PBXGroup section */

/* Begin PBXNativeTarget section */
		20B3C79D21C1CEE1002814D9 /* BinaryTree */ = {
			isa = PBXNativeTarget;
			buildConfigurationList = 20B3C7A521C1CEE1002814D9 /* Build configuration list for PBXNativeTarget "BinaryTree" */;
			buildPhases = (
				20B3C79A21C1CEE1002814D9 /* Sources */,
				20B3C79B21C1CEE1002814D9 /* Frameworks */,
				20B3C79C21C1CEE1002814D9 /* CopyFiles */,
			);
			buildRules = (
			);
			dependencies = (
			);
			name = BinaryTree;
			productName = BinaryTree;
			productReference = 20B3C79E21C1CEE1002814D9 /* BinaryTree */;
			productType = "com.apple.product-type.tool";
		};
/* End PBXNativeTarget section */

/* Begin PBXProject section */
		20B3C79621C1CEE1002814D9 /* Project object */ = {
			isa = PBXProject;
			attributes = {
				LastSwiftUpdateCheck = 1010;
				LastUpgradeCheck = 1010;
				ORGANIZATIONNAME = CXL;
				TargetAttributes = {
					20B3C79D21C1CEE1002814D9 = {
						CreatedOnToolsVersion = 10.1;
					};
				};
			};
			buildConfigurationList = 20B3C79921C1CEE1002814D9 /* Build configuration list for PBXProject "BinaryTree" */;
			compatibilityVersion = "Xcode 9.3";
			developmentRegion = en;
			hasScannedForEncodings = 0;
			knownRegions = (
				en,
			);
			mainGroup = 20B3C79521C1CEE1002814D9;
			productRefGroup = 20B3C79F21C1CEE1002814D9 /* Products */;
			projectDirPath = "";
			projectRoot = "";
			targets = (
				20B3C79D21C1CEE1002814D9 /* BinaryTree */,
			);
		};
/* End PBXProject section */

/* Begin PBXSourcesBuildPhase section */
		20B3C79A21C1CEE1002814D9 /* Sources */ = {
			isa = PBXSourcesBuildPhase;
			buildActionMask = 2147483647;
			files = (
				208DB9B6221668610061CD9A /* 222-CountNodes.swift in Sources */,
				2013B1A72260E21900E7AFB0 /* 105-BuildTree.swift in Sources */,
				208DB9B222165D1D0061CD9A /* 100-IsSameTree.swift in Sources */,
				207500C821C31AB700A63E0E /* BinarySearchTree.swift in Sources */,
				208DB9B4221661C60061CD9A /* 101-IsSymmetric.swift in Sources */,
				208DB9B822166D380061CD9A /* 110-IsBalanced.swift in Sources */,
				20B0ECA02249D577007F1742 /* 235-BSTLowestCommonAncestor.swift in Sources */,
				2056FA5F2209D35200AB3EA5 /* 404-SumOfLeftLeaves.swift in Sources */,
				208DB9BC22169F750061CD9A /* 257-BinaryTreePaths.swift in Sources */,
				208DB9AC221653470061CD9A /* 104-MaxDepth.swift in Sources */,
				205C8DB621C7162D00DD5602 /* Stack.swift in Sources */,
				201528D02217E115006CBAC9 /* 450-DeleteNode.swift in Sources */,
				20EB0E412217A68600D122CC /* 98-IsValidBST.swift in Sources */,
				208DB9C02216AB380061CD9A /* 129-SumNumbers.swift in Sources */,
				208DB9AE2216584E0061CD9A /* 111-MinDepth.swift in Sources */,
				20B0ECA22249D5D7007F1742 /* 236-LowestCommonAncestor.swift in Sources */,
				201528D22217FED5006CBAC9 /* 108-SortedArrayToBST.swift in Sources */,
				20B3C7A221C1CEE1002814D9 /* main.swift in Sources */,
				208DB9B022165AB30061CD9A /* 226-InvertTree.swift in Sources */,
				208DB9C22216C2480061CD9A /* 437-PathSum3.swift in Sources */,
				208DB9BE2216A2820061CD9A /* 113-PathSum2.swift in Sources */,
				2056FA5D2209D0DB00AB3EA5 /* TreeNode.swift in Sources */,
				201528D4221803C7006CBAC9 /* 230-KthSmallest.swift in Sources */,
				208DB9BA221681250061CD9A /* 112-HasPathSum.swift in Sources */,
			);
			runOnlyForDeploymentPostprocessing = 0;
		};
/* End PBXSourcesBuildPhase section */

/* Begin XCBuildConfiguration section */
		20B3C7A321C1CEE1002814D9 /* Debug */ = {
			isa = XCBuildConfiguration;
			buildSettings = {
				ALWAYS_SEARCH_USER_PATHS = NO;
				CLANG_ANALYZER_NONNULL = YES;
				CLANG_ANALYZER_NUMBER_OBJECT_CONVERSION = YES_AGGRESSIVE;
				CLANG_CXX_LANGUAGE_STANDARD = "gnu++14";
				CLANG_CXX_LIBRARY = "libc++";
				CLANG_ENABLE_MODULES = YES;
				CLANG_ENABLE_OBJC_ARC = YES;
				CLANG_ENABLE_OBJC_WEAK = YES;
				CLANG_WARN_BLOCK_CAPTURE_AUTORELEASING = YES;
				CLANG_WARN_BOOL_CONVERSION = YES;
				CLANG_WARN_COMMA = YES;
				CLANG_WARN_CONSTANT_CONVERSION = YES;
				CLANG_WARN_DEPRECATED_OBJC_IMPLEMENTATIONS = YES;
				CLANG_WARN_DIRECT_OBJC_ISA_USAGE = YES_ERROR;
				CLANG_WARN_DOCUMENTATION_COMMENTS = YES;
				CLANG_WARN_EMPTY_BODY = YES;
				CLANG_WARN_ENUM_CONVERSION = YES;
				CLANG_WARN_INFINITE_RECURSION = YES;
				CLANG_WARN_INT_CONVERSION = YES;
				CLANG_WARN_NON_LITERAL_NULL_CONVERSION = YES;
				CLANG_WARN_OBJC_IMPLICIT_RETAIN_SELF = YES;
				CLANG_WARN_OBJC_LITERAL_CONVERSION = YES;
				CLANG_WARN_OBJC_ROOT_CLASS = YES_ERROR;
				CLANG_WARN_RANGE_LOOP_ANALYSIS = YES;
				CLANG_WARN_STRICT_PROTOTYPES = YES;
				CLANG_WARN_SUSPICIOUS_MOVE = YES;
				CLANG_WARN_UNGUARDED_AVAILABILITY = YES_AGGRESSIVE;
				CLANG_WARN_UNREACHABLE_CODE = YES;
				CLANG_WARN__DUPLICATE_METHOD_MATCH = YES;
				CODE_SIGN_IDENTITY = "-";
				COPY_PHASE_STRIP = NO;
				DEBUG_INFORMATION_FORMAT = dwarf;
				ENABLE_STRICT_OBJC_MSGSEND = YES;
				ENABLE_TESTABILITY = YES;
				GCC_C_LANGUAGE_STANDARD = gnu11;
				GCC_DYNAMIC_NO_PIC = NO;
				GCC_NO_COMMON_BLOCKS = YES;
				GCC_OPTIMIZATION_LEVEL = 0;
				GCC_PREPROCESSOR_DEFINITIONS = (
					"DEBUG=1",
					"$(inherited)",
				);
				GCC_WARN_64_TO_32_BIT_CONVERSION = YES;
				GCC_WARN_ABOUT_RETURN_TYPE = YES_ERROR;
				GCC_WARN_UNDECLARED_SELECTOR = YES;
				GCC_WARN_UNINITIALIZED_AUTOS = YES_AGGRESSIVE;
				GCC_WARN_UNUSED_FUNCTION = YES;
				GCC_WARN_UNUSED_VARIABLE = YES;
				MACOSX_DEPLOYMENT_TARGET = 10.14;
				MTL_ENABLE_DEBUG_INFO = INCLUDE_SOURCE;
				MTL_FAST_MATH = YES;
				ONLY_ACTIVE_ARCH = YES;
				SDKROOT = macosx;
				SWIFT_ACTIVE_COMPILATION_CONDITIONS = DEBUG;
				SWIFT_OPTIMIZATION_LEVEL = "-Onone";
			};
			name = Debug;
		};
		20B3C7A421C1CEE1002814D9 /* Release */ = {
			isa = XCBuildConfiguration;
			buildSettings = {
				ALWAYS_SEARCH_USER_PATHS = NO;
				CLANG_ANALYZER_NONNULL = YES;
				CLANG_ANALYZER_NUMBER_OBJECT_CONVERSION = YES_AGGRESSIVE;
				CLANG_CXX_LANGUAGE_STANDARD = "gnu++14";
				CLANG_CXX_LIBRARY = "libc++";
				CLANG_ENABLE_MODULES = YES;
				CLANG_ENABLE_OBJC_ARC = YES;
				CLANG_ENABLE_OBJC_WEAK = YES;
				CLANG_WARN_BLOCK_CAPTURE_AUTORELEASING = YES;
				CLANG_WARN_BOOL_CONVERSION = YES;
				CLANG_WARN_COMMA = YES;
				CLANG_WARN_CONSTANT_CONVERSION = YES;
				CLANG_WARN_DEPRECATED_OBJC_IMPLEMENTATIONS = YES;
				CLANG_WARN_DIRECT_OBJC_ISA_USAGE = YES_ERROR;
				CLANG_WARN_DOCUMENTATION_COMMENTS = YES;
				CLANG_WARN_EMPTY_BODY = YES;
				CLANG_WARN_ENUM_CONVERSION = YES;
				CLANG_WARN_INFINITE_RECURSION = YES;
				CLANG_WARN_INT_CONVERSION = YES;
				CLANG_WARN_NON_LITERAL_NULL_CONVERSION = YES;
				CLANG_WARN_OBJC_IMPLICIT_RETAIN_SELF = YES;
				CLANG_WARN_OBJC_LITERAL_CONVERSION = YES;
				CLANG_WARN_OBJC_ROOT_CLASS = YES_ERROR;
				CLANG_WARN_RANGE_LOOP_ANALYSIS = YES;
				CLANG_WARN_STRICT_PROTOTYPES = YES;
				CLANG_WARN_SUSPICIOUS_MOVE = YES;
				CLANG_WARN_UNGUARDED_AVAILABILITY = YES_AGGRESSIVE;
				CLANG_WARN_UNREACHABLE_CODE = YES;
				CLANG_WARN__DUPLICATE_METHOD_MATCH = YES;
				CODE_SIGN_IDENTITY = "-";
				COPY_PHASE_STRIP = NO;
				DEBUG_INFORMATION_FORMAT = "dwarf-with-dsym";
				ENABLE_NS_ASSERTIONS = NO;
				ENABLE_STRICT_OBJC_MSGSEND = YES;
				GCC_C_LANGUAGE_STANDARD = gnu11;
				GCC_NO_COMMON_BLOCKS = YES;
				GCC_WARN_64_TO_32_BIT_CONVERSION = YES;
				GCC_WARN_ABOUT_RETURN_TYPE = YES_ERROR;
				GCC_WARN_UNDECLARED_SELECTOR = YES;
				GCC_WARN_UNINITIALIZED_AUTOS = YES_AGGRESSIVE;
				GCC_WARN_UNUSED_FUNCTION = YES;
				GCC_WARN_UNUSED_VARIABLE = YES;
				MACOSX_DEPLOYMENT_TARGET = 10.14;
				MTL_ENABLE_DEBUG_INFO = NO;
				MTL_FAST_MATH = YES;
				SDKROOT = macosx;
				SWIFT_COMPILATION_MODE = wholemodule;
				SWIFT_OPTIMIZATION_LEVEL = "-O";
			};
			name = Release;
		};
		20B3C7A621C1CEE1002814D9 /* Debug */ = {
			isa = XCBuildConfiguration;
			buildSettings = {
				CODE_SIGN_STYLE = Automatic;
				PRODUCT_NAME = "$(TARGET_NAME)";
				SWIFT_VERSION = 4.2;
			};
			name = Debug;
		};
		20B3C7A721C1CEE1002814D9 /* Release */ = {
			isa = XCBuildConfiguration;
			buildSettings = {
				CODE_SIGN_STYLE = Automatic;
				PRODUCT_NAME = "$(TARGET_NAME)";
				SWIFT_VERSION = 4.2;
			};
			name = Release;
		};
/* End XCBuildConfiguration section */

/* Begin XCConfigurationList section */
		20B3C79921C1CEE1002814D9 /* Build configuration list for PBXProject "BinaryTree" */ = {
			isa = XCConfigurationList;
			buildConfigurations = (
				20B3C7A321C1CEE1002814D9 /* Debug */,
				20B3C7A421C1CEE1002814D9 /* Release */,
			);
			defaultConfigurationIsVisible = 0;
			defaultConfigurationName = Release;
		};
		20B3C7A521C1CEE1002814D9 /* Build configuration list for PBXNativeTarget "BinaryTree" */ = {
			isa = XCConfigurationList;
			buildConfigurations = (
				20B3C7A621C1CEE1002814D9 /* Debug */,
				20B3C7A721C1CEE1002814D9 /* Release */,
			);
			defaultConfigurationIsVisible = 0;
			defaultConfigurationName = Release;
		};
/* End XCConfigurationList section */
	};
	rootObject = 20B3C79621C1CEE1002814D9 /* Project object */;
}
