// !$*UTF8*$!
{
	archiveVersion = 1;
	classes = {
	};
	objectVersion = 50;
	objects = {

/* Begin PBXBuildFile section */
		200FFE2B21FAA9D400116F27 /* 88-Merge.swift in Sources */ = {isa = PBXBuildFile; fileRef = 200FFE2A21FAA9D400116F27 /* 88-Merge.swift */; };
		200FFE2D21FAB77D00116F27 /* 215-FindKthLargest.swift in Sources */ = {isa = PBXBuildFile; fileRef = 200FFE2C21FAB77D00116F27 /* 215-FindKthLargest.swift */; };
		2017F8F921E2ACE900C7AFB3 /* 167-TwoSum2.swift in Sources */ = {isa = PBXBuildFile; fileRef = 2017F8F821E2ACE900C7AFB3 /* 167-TwoSum2.swift */; };
		2017F90121E2AF1F00C7AFB3 /* ArrayTests.swift in Sources */ = {isa = PBXBuildFile; fileRef = 2017F90021E2AF1F00C7AFB3 /* ArrayTests.swift */; };
		2017F90921E2B76F00C7AFB3 /* 209-MinSubArrayLength.swift in Sources */ = {isa = PBXBuildFile; fileRef = 2017F90821E2B76F00C7AFB3 /* 209-MinSubArrayLength.swift */; };
		2017F90B21E2C4EF00C7AFB3 /* 3-LongestSubstring.swift in Sources */ = {isa = PBXBuildFile; fileRef = 2017F90A21E2C4EF00C7AFB3 /* 3-LongestSubstring.swift */; };
		20399D1421F81CEC00E98B7A /* 169-MajorityElement.swift in Sources */ = {isa = PBXBuildFile; fileRef = 20399D1321F81CEC00E98B7A /* 169-MajorityElement.swift */; };
		203A69BD21FFF761005DACAF /* 438-FindAnagrams.swift in Sources */ = {isa = PBXBuildFile; fileRef = 203A69BC21FFF761005DACAF /* 438-FindAnagrams.swift */; };
		2049E48D21FEA63400BC7B45 /* 11-MaxArea.swift in Sources */ = {isa = PBXBuildFile; fileRef = 2049E48C21FEA63400BC7B45 /* 11-MaxArea.swift */; };
		206030E4222633E300BACF7C /* 33-Search.swift in Sources */ = {isa = PBXBuildFile; fileRef = 206030E3222633E300BACF7C /* 33-Search.swift */; };
		20A78D1221F96C4D008F2D71 /* 26-RemoveDuplicates.swift in Sources */ = {isa = PBXBuildFile; fileRef = 20A78D1121F96C4D008F2D71 /* 26-RemoveDuplicates.swift */; };
		20A78D1421F980C6008F2D71 /* 80-RemoveDulicatesTwo.swift in Sources */ = {isa = PBXBuildFile; fileRef = 20A78D1321F980C6008F2D71 /* 80-RemoveDulicatesTwo.swift */; };
		20E052DE2201185C00AFD555 /* 76-MinWindow.swift in Sources */ = {isa = PBXBuildFile; fileRef = 20E052DD2201185C00AFD555 /* 76-MinWindow.swift */; };
		20E523CF21E1ED1D0057EC76 /* main.swift in Sources */ = {isa = PBXBuildFile; fileRef = 20E523CE21E1ED1D0057EC76 /* main.swift */; };
		20E523D621E1EDC40057EC76 /* 283-MoveZeros.swift in Sources */ = {isa = PBXBuildFile; fileRef = 20E523D521E1EDC40057EC76 /* 283-MoveZeros.swift */; };
		20E523D821E1F5A00057EC76 /* 27-RemoveElement.swift in Sources */ = {isa = PBXBuildFile; fileRef = 20E523D721E1F5A00057EC76 /* 27-RemoveElement.swift */; };
		20E523DA21E204010057EC76 /* 75-SortColors.swift in Sources */ = {isa = PBXBuildFile; fileRef = 20E523D921E204010057EC76 /* 75-SortColors.swift */; };
		20E695BD21FD98A30006BB87 /* 125-IsPalindrome.swift in Sources */ = {isa = PBXBuildFile; fileRef = 20E695BC21FD98A30006BB87 /* 125-IsPalindrome.swift */; };
/* End PBXBuildFile section */

/* Begin PBXContainerItemProxy section */
		2017F90621E2B26000C7AFB3 /* PBXContainerItemProxy */ = {
			isa = PBXContainerItemProxy;
			containerPortal = 20E523C321E1ED1D0057EC76 /* Project object */;
			proxyType = 1;
			remoteGlobalIDString = 20E523CA21E1ED1D0057EC76;
			remoteInfo = Array;
		};
/* End PBXContainerItemProxy section */

/* Begin PBXCopyFilesBuildPhase section */
		20E523C921E1ED1D0057EC76 /* CopyFiles */ = {
			isa = PBXCopyFilesBuildPhase;
			buildActionMask = 2147483647;
			dstPath = /usr/share/man/man1/;
			dstSubfolderSpec = 0;
			files = (
			);
			runOnlyForDeploymentPostprocessing = 1;
		};
/* End PBXCopyFilesBuildPhase section */

/* Begin PBXFileReference section */
		200FFE2A21FAA9D400116F27 /* 88-Merge.swift */ = {isa = PBXFileReference; lastKnownFileType = sourcecode.swift; path = "88-Merge.swift"; sourceTree = "<group>"; };
		200FFE2C21FAB77D00116F27 /* 215-FindKthLargest.swift */ = {isa = PBXFileReference; lastKnownFileType = sourcecode.swift; path = "215-FindKthLargest.swift"; sourceTree = "<group>"; };
		2017F8F821E2ACE900C7AFB3 /* 167-TwoSum2.swift */ = {isa = PBXFileReference; lastKnownFileType = sourcecode.swift; path = "167-TwoSum2.swift"; sourceTree = "<group>"; };
		2017F8FE21E2AF1F00C7AFB3 /* ArrayTests.xctest */ = {isa = PBXFileReference; explicitFileType = wrapper.cfbundle; includeInIndex = 0; path = ArrayTests.xctest; sourceTree = BUILT_PRODUCTS_DIR; };
		2017F90021E2AF1F00C7AFB3 /* ArrayTests.swift */ = {isa = PBXFileReference; lastKnownFileType = sourcecode.swift; path = ArrayTests.swift; sourceTree = "<group>"; };
		2017F90221E2AF1F00C7AFB3 /* Info.plist */ = {isa = PBXFileReference; lastKnownFileType = text.plist.xml; path = Info.plist; sourceTree = "<group>"; };
		2017F90821E2B76F00C7AFB3 /* 209-MinSubArrayLength.swift */ = {isa = PBXFileReference; lastKnownFileType = sourcecode.swift; path = "209-MinSubArrayLength.swift"; sourceTree = "<group>"; };
		2017F90A21E2C4EF00C7AFB3 /* 3-LongestSubstring.swift */ = {isa = PBXFileReference; lastKnownFileType = sourcecode.swift; path = "3-LongestSubstring.swift"; sourceTree = "<group>"; };
		20399D1321F81CEC00E98B7A /* 169-MajorityElement.swift */ = {isa = PBXFileReference; lastKnownFileType = sourcecode.swift; path = "169-MajorityElement.swift"; sourceTree = "<group>"; };
		203A69BC21FFF761005DACAF /* 438-FindAnagrams.swift */ = {isa = PBXFileReference; lastKnownFileType = sourcecode.swift; path = "438-FindAnagrams.swift"; sourceTree = "<group>"; };
		2049E48C21FEA63400BC7B45 /* 11-MaxArea.swift */ = {isa = PBXFileReference; lastKnownFileType = sourcecode.swift; path = "11-MaxArea.swift"; sourceTree = "<group>"; };
		206030E3222633E300BACF7C /* 33-Search.swift */ = {isa = PBXFileReference; lastKnownFileType = sourcecode.swift; path = "33-Search.swift"; sourceTree = "<group>"; };
		20A78D1121F96C4D008F2D71 /* 26-RemoveDuplicates.swift */ = {isa = PBXFileReference; lastKnownFileType = sourcecode.swift; path = "26-RemoveDuplicates.swift"; sourceTree = "<group>"; };
		20A78D1321F980C6008F2D71 /* 80-RemoveDulicatesTwo.swift */ = {isa = PBXFileReference; lastKnownFileType = sourcecode.swift; path = "80-RemoveDulicatesTwo.swift"; sourceTree = "<group>"; };
		20E052DD2201185C00AFD555 /* 76-MinWindow.swift */ = {isa = PBXFileReference; lastKnownFileType = sourcecode.swift; path = "76-MinWindow.swift"; sourceTree = "<group>"; };
		20E523CB21E1ED1D0057EC76 /* Array */ = {isa = PBXFileReference; explicitFileType = "compiled.mach-o.executable"; includeInIndex = 0; path = Array; sourceTree = BUILT_PRODUCTS_DIR; };
		20E523CE21E1ED1D0057EC76 /* main.swift */ = {isa = PBXFileReference; lastKnownFileType = sourcecode.swift; path = main.swift; sourceTree = "<group>"; };
		20E523D521E1EDC40057EC76 /* 283-MoveZeros.swift */ = {isa = PBXFileReference; lastKnownFileType = sourcecode.swift; path = "283-MoveZeros.swift"; sourceTree = "<group>"; };
		20E523D721E1F5A00057EC76 /* 27-RemoveElement.swift */ = {isa = PBXFileReference; lastKnownFileType = sourcecode.swift; path = "27-RemoveElement.swift"; sourceTree = "<group>"; };
		20E523D921E204010057EC76 /* 75-SortColors.swift */ = {isa = PBXFileReference; lastKnownFileType = sourcecode.swift; path = "75-SortColors.swift"; sourceTree = "<group>"; };
		20E695BC21FD98A30006BB87 /* 125-IsPalindrome.swift */ = {isa = PBXFileReference; lastKnownFileType = sourcecode.swift; path = "125-IsPalindrome.swift"; sourceTree = "<group>"; };
/* End PBXFileReference section */

/* Begin PBXFrameworksBuildPhase section */
		2017F8FB21E2AF1F00C7AFB3 /* Frameworks */ = {
			isa = PBXFrameworksBuildPhase;
			buildActionMask = 2147483647;
			files = (
			);
			runOnlyForDeploymentPostprocessing = 0;
		};
		20E523C821E1ED1D0057EC76 /* Frameworks */ = {
			isa = PBXFrameworksBuildPhase;
			buildActionMask = 2147483647;
			files = (
			);
			runOnlyForDeploymentPostprocessing = 0;
		};
/* End PBXFrameworksBuildPhase section */

/* Begin PBXGroup section */
		2017F8FF21E2AF1F00C7AFB3 /* ArrayTests */ = {
			isa = PBXGroup;
			children = (
				2017F90021E2AF1F00C7AFB3 /* ArrayTests.swift */,
				2017F90221E2AF1F00C7AFB3 /* Info.plist */,
			);
			path = ArrayTests;
			sourceTree = "<group>";
		};
		20E523C221E1ED1D0057EC76 = {
			isa = PBXGroup;
			children = (
				20E523CD21E1ED1D0057EC76 /* Array */,
				2017F8FF21E2AF1F00C7AFB3 /* ArrayTests */,
				20E523CC21E1ED1D0057EC76 /* Products */,
			);
			sourceTree = "<group>";
		};
		20E523CC21E1ED1D0057EC76 /* Products */ = {
			isa = PBXGroup;
			children = (
				20E523CB21E1ED1D0057EC76 /* Array */,
				2017F8FE21E2AF1F00C7AFB3 /* ArrayTests.xctest */,
			);
			name = Products;
			sourceTree = "<group>";
		};
		20E523CD21E1ED1D0057EC76 /* Array */ = {
			isa = PBXGroup;
			children = (
				20E523CE21E1ED1D0057EC76 /* main.swift */,
				20E523D521E1EDC40057EC76 /* 283-MoveZeros.swift */,
				20E523D721E1F5A00057EC76 /* 27-RemoveElement.swift */,
				20A78D1121F96C4D008F2D71 /* 26-RemoveDuplicates.swift */,
				20A78D1321F980C6008F2D71 /* 80-RemoveDulicatesTwo.swift */,
				20E523D921E204010057EC76 /* 75-SortColors.swift */,
				200FFE2A21FAA9D400116F27 /* 88-Merge.swift */,
				200FFE2C21FAB77D00116F27 /* 215-FindKthLargest.swift */,
				2017F8F821E2ACE900C7AFB3 /* 167-TwoSum2.swift */,
				20E695BC21FD98A30006BB87 /* 125-IsPalindrome.swift */,
				2049E48C21FEA63400BC7B45 /* 11-MaxArea.swift */,
				2017F90821E2B76F00C7AFB3 /* 209-MinSubArrayLength.swift */,
				2017F90A21E2C4EF00C7AFB3 /* 3-LongestSubstring.swift */,
				20399D1321F81CEC00E98B7A /* 169-MajorityElement.swift */,
				203A69BC21FFF761005DACAF /* 438-FindAnagrams.swift */,
				20E052DD2201185C00AFD555 /* 76-MinWindow.swift */,
				206030E3222633E300BACF7C /* 33-Search.swift */,
			);
			path = Array;
			sourceTree = "<group>";
		};
/* End PBXGroup section */

/* Begin PBXNativeTarget section */
		2017F8FD21E2AF1F00C7AFB3 /* ArrayTests */ = {
			isa = PBXNativeTarget;
			buildConfigurationList = 2017F90321E2AF1F00C7AFB3 /* Build configuration list for PBXNativeTarget "ArrayTests" */;
			buildPhases = (
				2017F8FA21E2AF1F00C7AFB3 /* Sources */,
				2017F8FB21E2AF1F00C7AFB3 /* Frameworks */,
				2017F8FC21E2AF1F00C7AFB3 /* Resources */,
			);
			buildRules = (
			);
			dependencies = (
				2017F90721E2B26000C7AFB3 /* PBXTargetDependency */,
			);
			name = ArrayTests;
			productName = ArrayTests;
			productReference = 2017F8FE21E2AF1F00C7AFB3 /* ArrayTests.xctest */;
			productType = "com.apple.product-type.bundle.unit-test";
		};
		20E523CA21E1ED1D0057EC76 /* Array */ = {
			isa = PBXNativeTarget;
			buildConfigurationList = 20E523D221E1ED1D0057EC76 /* Build configuration list for PBXNativeTarget "Array" */;
			buildPhases = (
				20E523C721E1ED1D0057EC76 /* Sources */,
				20E523C821E1ED1D0057EC76 /* Frameworks */,
				20E523C921E1ED1D0057EC76 /* CopyFiles */,
			);
			buildRules = (
			);
			dependencies = (
			);
			name = Array;
			productName = Array;
			productReference = 20E523CB21E1ED1D0057EC76 /* Array */;
			productType = "com.apple.product-type.tool";
		};
/* End PBXNativeTarget section */

/* Begin PBXProject section */
		20E523C321E1ED1D0057EC76 /* Project object */ = {
			isa = PBXProject;
			attributes = {
				LastSwiftUpdateCheck = 1010;
				LastUpgradeCheck = 1010;
				ORGANIZATIONNAME = CXL;
				TargetAttributes = {
					2017F8FD21E2AF1F00C7AFB3 = {
						CreatedOnToolsVersion = 10.1;
					};
					20E523CA21E1ED1D0057EC76 = {
						CreatedOnToolsVersion = 10.1;
					};
				};
			};
			buildConfigurationList = 20E523C621E1ED1D0057EC76 /* Build configuration list for PBXProject "Array" */;
			compatibilityVersion = "Xcode 9.3";
			developmentRegion = en;
			hasScannedForEncodings = 0;
			knownRegions = (
				en,
			);
			mainGroup = 20E523C221E1ED1D0057EC76;
			productRefGroup = 20E523CC21E1ED1D0057EC76 /* Products */;
			projectDirPath = "";
			projectRoot = "";
			targets = (
				20E523CA21E1ED1D0057EC76 /* Array */,
				2017F8FD21E2AF1F00C7AFB3 /* ArrayTests */,
			);
		};
/* End PBXProject section */

/* Begin PBXResourcesBuildPhase section */
		2017F8FC21E2AF1F00C7AFB3 /* Resources */ = {
			isa = PBXResourcesBuildPhase;
			buildActionMask = 2147483647;
			files = (
			);
			runOnlyForDeploymentPostprocessing = 0;
		};
/* End PBXResourcesBuildPhase section */

/* Begin PBXSourcesBuildPhase section */
		2017F8FA21E2AF1F00C7AFB3 /* Sources */ = {
			isa = PBXSourcesBuildPhase;
			buildActionMask = 2147483647;
			files = (
				2017F90121E2AF1F00C7AFB3 /* ArrayTests.swift in Sources */,
			);
			runOnlyForDeploymentPostprocessing = 0;
		};
		20E523C721E1ED1D0057EC76 /* Sources */ = {
			isa = PBXSourcesBuildPhase;
			buildActionMask = 2147483647;
			files = (
				20E695BD21FD98A30006BB87 /* 125-IsPalindrome.swift in Sources */,
				2049E48D21FEA63400BC7B45 /* 11-MaxArea.swift in Sources */,
				200FFE2B21FAA9D400116F27 /* 88-Merge.swift in Sources */,
				20E052DE2201185C00AFD555 /* 76-MinWindow.swift in Sources */,
				2017F90B21E2C4EF00C7AFB3 /* 3-LongestSubstring.swift in Sources */,
				2017F8F921E2ACE900C7AFB3 /* 167-TwoSum2.swift in Sources */,
				203A69BD21FFF761005DACAF /* 438-FindAnagrams.swift in Sources */,
				20399D1421F81CEC00E98B7A /* 169-MajorityElement.swift in Sources */,
				20A78D1421F980C6008F2D71 /* 80-RemoveDulicatesTwo.swift in Sources */,
				20E523D621E1EDC40057EC76 /* 283-MoveZeros.swift in Sources */,
				20E523DA21E204010057EC76 /* 75-SortColors.swift in Sources */,
				20E523D821E1F5A00057EC76 /* 27-RemoveElement.swift in Sources */,
				206030E4222633E300BACF7C /* 33-Search.swift in Sources */,
				20A78D1221F96C4D008F2D71 /* 26-RemoveDuplicates.swift in Sources */,
				20E523CF21E1ED1D0057EC76 /* main.swift in Sources */,
				200FFE2D21FAB77D00116F27 /* 215-FindKthLargest.swift in Sources */,
				2017F90921E2B76F00C7AFB3 /* 209-MinSubArrayLength.swift in Sources */,
			);
			runOnlyForDeploymentPostprocessing = 0;
		};
/* End PBXSourcesBuildPhase section */

/* Begin PBXTargetDependency section */
		2017F90721E2B26000C7AFB3 /* PBXTargetDependency */ = {
			isa = PBXTargetDependency;
			target = 20E523CA21E1ED1D0057EC76 /* Array */;
			targetProxy = 2017F90621E2B26000C7AFB3 /* PBXContainerItemProxy */;
		};
/* End PBXTargetDependency section */

/* Begin XCBuildConfiguration section */
		2017F90421E2AF1F00C7AFB3 /* Debug */ = {
			isa = XCBuildConfiguration;
			buildSettings = {
				CODE_SIGN_STYLE = Automatic;
				COMBINE_HIDPI_IMAGES = YES;
				INFOPLIST_FILE = ArrayTests/Info.plist;
				LD_RUNPATH_SEARCH_PATHS = (
					"$(inherited)",
					"@executable_path/../Frameworks",
					"@loader_path/../Frameworks",
				);
				PRODUCT_BUNDLE_IDENTIFIER = com.chenlong.ArrayTests;
				PRODUCT_NAME = "$(TARGET_NAME)";
				SWIFT_VERSION = 4.2;
			};
			name = Debug;
		};
		2017F90521E2AF1F00C7AFB3 /* Release */ = {
			isa = XCBuildConfiguration;
			buildSettings = {
				CODE_SIGN_STYLE = Automatic;
				COMBINE_HIDPI_IMAGES = YES;
				INFOPLIST_FILE = ArrayTests/Info.plist;
				LD_RUNPATH_SEARCH_PATHS = (
					"$(inherited)",
					"@executable_path/../Frameworks",
					"@loader_path/../Frameworks",
				);
				PRODUCT_BUNDLE_IDENTIFIER = com.chenlong.ArrayTests;
				PRODUCT_NAME = "$(TARGET_NAME)";
				SWIFT_VERSION = 4.2;
			};
			name = Release;
		};
		20E523D021E1ED1D0057EC76 /* Debug */ = {
			isa = XCBuildConfiguration;
			buildSettings = {
				ALWAYS_SEARCH_USER_PATHS = NO;
				CLANG_ANALYZER_NONNULL = YES;
				CLANG_ANALYZER_NUMBER_OBJECT_CONVERSION = YES_AGGRESSIVE;
				CLANG_CXX_LANGUAGE_STANDARD = "gnu++14";
				CLANG_CXX_LIBRARY = "libc++";
				CLANG_ENABLE_MODULES = YES;
				CLANG_ENABLE_OBJC_ARC = YES;
				CLANG_ENABLE_OBJC_WEAK = YES;
				CLANG_WARN_BLOCK_CAPTURE_AUTORELEASING = YES;
				CLANG_WARN_BOOL_CONVERSION = YES;
				CLANG_WARN_COMMA = YES;
				CLANG_WARN_CONSTANT_CONVERSION = YES;
				CLANG_WARN_DEPRECATED_OBJC_IMPLEMENTATIONS = YES;
				CLANG_WARN_DIRECT_OBJC_ISA_USAGE = YES_ERROR;
				CLANG_WARN_DOCUMENTATION_COMMENTS = YES;
				CLANG_WARN_EMPTY_BODY = YES;
				CLANG_WARN_ENUM_CONVERSION = YES;
				CLANG_WARN_INFINITE_RECURSION = YES;
				CLANG_WARN_INT_CONVERSION = YES;
				CLANG_WARN_NON_LITERAL_NULL_CONVERSION = YES;
				CLANG_WARN_OBJC_IMPLICIT_RETAIN_SELF = YES;
				CLANG_WARN_OBJC_LITERAL_CONVERSION = YES;
				CLANG_WARN_OBJC_ROOT_CLASS = YES_ERROR;
				CLANG_WARN_RANGE_LOOP_ANALYSIS = YES;
				CLANG_WARN_STRICT_PROTOTYPES = YES;
				CLANG_WARN_SUSPICIOUS_MOVE = YES;
				CLANG_WARN_UNGUARDED_AVAILABILITY = YES_AGGRESSIVE;
				CLANG_WARN_UNREACHABLE_CODE = YES;
				CLANG_WARN__DUPLICATE_METHOD_MATCH = YES;
				CODE_SIGN_IDENTITY = "-";
				COPY_PHASE_STRIP = NO;
				DEBUG_INFORMATION_FORMAT = dwarf;
				ENABLE_STRICT_OBJC_MSGSEND = YES;
				ENABLE_TESTABILITY = YES;
				GCC_C_LANGUAGE_STANDARD = gnu11;
				GCC_DYNAMIC_NO_PIC = NO;
				GCC_NO_COMMON_BLOCKS = YES;
				GCC_OPTIMIZATION_LEVEL = 0;
				GCC_PREPROCESSOR_DEFINITIONS = (
					"DEBUG=1",
					"$(inherited)",
				);
				GCC_WARN_64_TO_32_BIT_CONVERSION = YES;
				GCC_WARN_ABOUT_RETURN_TYPE = YES_ERROR;
				GCC_WARN_UNDECLARED_SELECTOR = YES;
				GCC_WARN_UNINITIALIZED_AUTOS = YES_AGGRESSIVE;
				GCC_WARN_UNUSED_FUNCTION = YES;
				GCC_WARN_UNUSED_VARIABLE = YES;
				MACOSX_DEPLOYMENT_TARGET = 10.14;
				MTL_ENABLE_DEBUG_INFO = INCLUDE_SOURCE;
				MTL_FAST_MATH = YES;
				ONLY_ACTIVE_ARCH = YES;
				SDKROOT = macosx;
				SWIFT_ACTIVE_COMPILATION_CONDITIONS = DEBUG;
				SWIFT_OPTIMIZATION_LEVEL = "-Onone";
			};
			name = Debug;
		};
		20E523D121E1ED1D0057EC76 /* Release */ = {
			isa = XCBuildConfiguration;
			buildSettings = {
				ALWAYS_SEARCH_USER_PATHS = NO;
				CLANG_ANALYZER_NONNULL = YES;
				CLANG_ANALYZER_NUMBER_OBJECT_CONVERSION = YES_AGGRESSIVE;
				CLANG_CXX_LANGUAGE_STANDARD = "gnu++14";
				CLANG_CXX_LIBRARY = "libc++";
				CLANG_ENABLE_MODULES = YES;
				CLANG_ENABLE_OBJC_ARC = YES;
				CLANG_ENABLE_OBJC_WEAK = YES;
				CLANG_WARN_BLOCK_CAPTURE_AUTORELEASING = YES;
				CLANG_WARN_BOOL_CONVERSION = YES;
				CLANG_WARN_COMMA = YES;
				CLANG_WARN_CONSTANT_CONVERSION = YES;
				CLANG_WARN_DEPRECATED_OBJC_IMPLEMENTATIONS = YES;
				CLANG_WARN_DIRECT_OBJC_ISA_USAGE = YES_ERROR;
				CLANG_WARN_DOCUMENTATION_COMMENTS = YES;
				CLANG_WARN_EMPTY_BODY = YES;
				CLANG_WARN_ENUM_CONVERSION = YES;
				CLANG_WARN_INFINITE_RECURSION = YES;
				CLANG_WARN_INT_CONVERSION = YES;
				CLANG_WARN_NON_LITERAL_NULL_CONVERSION = YES;
				CLANG_WARN_OBJC_IMPLICIT_RETAIN_SELF = YES;
				CLANG_WARN_OBJC_LITERAL_CONVERSION = YES;
				CLANG_WARN_OBJC_ROOT_CLASS = YES_ERROR;
				CLANG_WARN_RANGE_LOOP_ANALYSIS = YES;
				CLANG_WARN_STRICT_PROTOTYPES = YES;
				CLANG_WARN_SUSPICIOUS_MOVE = YES;
				CLANG_WARN_UNGUARDED_AVAILABILITY = YES_AGGRESSIVE;
				CLANG_WARN_UNREACHABLE_CODE = YES;
				CLANG_WARN__DUPLICATE_METHOD_MATCH = YES;
				CODE_SIGN_IDENTITY = "-";
				COPY_PHASE_STRIP = NO;
				DEBUG_INFORMATION_FORMAT = "dwarf-with-dsym";
				ENABLE_NS_ASSERTIONS = NO;
				ENABLE_STRICT_OBJC_MSGSEND = YES;
				GCC_C_LANGUAGE_STANDARD = gnu11;
				GCC_NO_COMMON_BLOCKS = YES;
				GCC_WARN_64_TO_32_BIT_CONVERSION = YES;
				GCC_WARN_ABOUT_RETURN_TYPE = YES_ERROR;
				GCC_WARN_UNDECLARED_SELECTOR = YES;
				GCC_WARN_UNINITIALIZED_AUTOS = YES_AGGRESSIVE;
				GCC_WARN_UNUSED_FUNCTION = YES;
				GCC_WARN_UNUSED_VARIABLE = YES;
				MACOSX_DEPLOYMENT_TARGET = 10.14;
				MTL_ENABLE_DEBUG_INFO = NO;
				MTL_FAST_MATH = YES;
				SDKROOT = macosx;
				SWIFT_COMPILATION_MODE = wholemodule;
				SWIFT_OPTIMIZATION_LEVEL = "-O";
			};
			name = Release;
		};
		20E523D321E1ED1D0057EC76 /* Debug */ = {
			isa = XCBuildConfiguration;
			buildSettings = {
				CODE_SIGN_STYLE = Automatic;
				PRODUCT_NAME = "$(TARGET_NAME)";
				SWIFT_VERSION = 4.2;
			};
			name = Debug;
		};
		20E523D421E1ED1D0057EC76 /* Release */ = {
			isa = XCBuildConfiguration;
			buildSettings = {
				CODE_SIGN_STYLE = Automatic;
				PRODUCT_NAME = "$(TARGET_NAME)";
				SWIFT_VERSION = 4.2;
			};
			name = Release;
		};
/* End XCBuildConfiguration section */

/* Begin XCConfigurationList section */
		2017F90321E2AF1F00C7AFB3 /* Build configuration list for PBXNativeTarget "ArrayTests" */ = {
			isa = XCConfigurationList;
			buildConfigurations = (
				2017F90421E2AF1F00C7AFB3 /* Debug */,
				2017F90521E2AF1F00C7AFB3 /* Release */,
			);
			defaultConfigurationIsVisible = 0;
			defaultConfigurationName = Release;
		};
		20E523C621E1ED1D0057EC76 /* Build configuration list for PBXProject "Array" */ = {
			isa = XCConfigurationList;
			buildConfigurations = (
				20E523D021E1ED1D0057EC76 /* Debug */,
				20E523D121E1ED1D0057EC76 /* Release */,
			);
			defaultConfigurationIsVisible = 0;
			defaultConfigurationName = Release;
		};
		20E523D221E1ED1D0057EC76 /* Build configuration list for PBXNativeTarget "Array" */ = {
			isa = XCConfigurationList;
			buildConfigurations = (
				20E523D321E1ED1D0057EC76 /* Debug */,
				20E523D421E1ED1D0057EC76 /* Release */,
			);
			defaultConfigurationIsVisible = 0;
			defaultConfigurationName = Release;
		};
/* End XCConfigurationList section */
	};
	rootObject = 20E523C321E1ED1D0057EC76 /* Project object */;
}
