// !$*UTF8*$!
{
	archiveVersion = 1;
	classes = {
	};
	objectVersion = 50;
	objects = {

/* Begin PBXBuildFile section */
		2017B06521CE17CC00AA6FB6 /* 17-LetterCombinations.swift in Sources */ = {isa = PBXBuildFile; fileRef = 2017B06421CE17CC00AA6FB6 /* 17-LetterCombinations.swift */; };
		2017B06721CE392C00AA6FB6 /* 46-Permutations.swift in Sources */ = {isa = PBXBuildFile; fileRef = 2017B06621CE392C00AA6FB6 /* 46-Permutations.swift */; };
		2017B06921CE524B00AA6FB6 /* 77.-Combinations.swift in Sources */ = {isa = PBXBuildFile; fileRef = 2017B06821CE524B00AA6FB6 /* 77.-Combinations.swift */; };
		202FBE8021CDCCD0009308F3 /* main.swift in Sources */ = {isa = PBXBuildFile; fileRef = 202FBE7F21CDCCD0009308F3 /* main.swift */; };
		209F925F221F90EB00EA3529 /* 40-CombinationSum2.swift in Sources */ = {isa = PBXBuildFile; fileRef = 209F925E221F90EB00EA3529 /* 40-CombinationSum2.swift */; };
		209F9261221FA5EA00EA3529 /* 216-CombinationSum3.swift in Sources */ = {isa = PBXBuildFile; fileRef = 209F9260221FA5EA00EA3529 /* 216-CombinationSum3.swift */; };
		20A152FF21CFB20500B7CAA8 /* 79-WordSearch.swift in Sources */ = {isa = PBXBuildFile; fileRef = 20A152FE21CFB20500B7CAA8 /* 79-WordSearch.swift */; };
		20A8AB6A221FCEF400731C43 /* 78-Subsets.swift in Sources */ = {isa = PBXBuildFile; fileRef = 20A8AB69221FCEF400731C43 /* 78-Subsets.swift */; };
		20A8AB6C221FD6FA00731C43 /* 90-SubsetsWithDup.swift in Sources */ = {isa = PBXBuildFile; fileRef = 20A8AB6B221FD6FA00731C43 /* 90-SubsetsWithDup.swift */; };
		20A8AB6E221FDB6700731C43 /* 401-ReadBinaryWatch.swift in Sources */ = {isa = PBXBuildFile; fileRef = 20A8AB6D221FDB6700731C43 /* 401-ReadBinaryWatch.swift */; };
		20CFA67B220BF3B50009B21C /* 47-PermuteUnique.swift in Sources */ = {isa = PBXBuildFile; fileRef = 20CFA67A220BF3B50009B21C /* 47-PermuteUnique.swift */; };
		20CFA67D220C00460009B21C /* 39-CombinationSum.swift in Sources */ = {isa = PBXBuildFile; fileRef = 20CFA67C220C00460009B21C /* 39-CombinationSum.swift */; };
		20CFA67F220C193F0009B21C /* 200-NumIslands.swift in Sources */ = {isa = PBXBuildFile; fileRef = 20CFA67E220C193F0009B21C /* 200-NumIslands.swift */; };
		20CFA681220C39480009B21C /* 51-SolveNQueens.swift in Sources */ = {isa = PBXBuildFile; fileRef = 20CFA680220C39480009B21C /* 51-SolveNQueens.swift */; };
		20CFA76B220B1A7D00E87C95 /* 93-RestoreIpAddresses.swift in Sources */ = {isa = PBXBuildFile; fileRef = 20CFA76A220B1A7D00E87C95 /* 93-RestoreIpAddresses.swift */; };
		20DC97A0221E4F7C00D3FC7C /* 131-Partition.swift in Sources */ = {isa = PBXBuildFile; fileRef = 20DC979F221E4F7C00D3FC7C /* 131-Partition.swift */; };
/* End PBXBuildFile section */

/* Begin PBXCopyFilesBuildPhase section */
		202FBE7A21CDCCD0009308F3 /* CopyFiles */ = {
			isa = PBXCopyFilesBuildPhase;
			buildActionMask = 2147483647;
			dstPath = /usr/share/man/man1/;
			dstSubfolderSpec = 0;
			files = (
			);
			runOnlyForDeploymentPostprocessing = 1;
		};
/* End PBXCopyFilesBuildPhase section */

/* Begin PBXFileReference section */
		2017B06421CE17CC00AA6FB6 /* 17-LetterCombinations.swift */ = {isa = PBXFileReference; lastKnownFileType = sourcecode.swift; path = "17-LetterCombinations.swift"; sourceTree = "<group>"; };
		2017B06621CE392C00AA6FB6 /* 46-Permutations.swift */ = {isa = PBXFileReference; lastKnownFileType = sourcecode.swift; path = "46-Permutations.swift"; sourceTree = "<group>"; };
		2017B06821CE524B00AA6FB6 /* 77.-Combinations.swift */ = {isa = PBXFileReference; lastKnownFileType = sourcecode.swift; path = "77.-Combinations.swift"; sourceTree = "<group>"; };
		202FBE7C21CDCCD0009308F3 /* Backtracking */ = {isa = PBXFileReference; explicitFileType = "compiled.mach-o.executable"; includeInIndex = 0; path = Backtracking; sourceTree = BUILT_PRODUCTS_DIR; };
		202FBE7F21CDCCD0009308F3 /* main.swift */ = {isa = PBXFileReference; lastKnownFileType = sourcecode.swift; path = main.swift; sourceTree = "<group>"; };
		209F925E221F90EB00EA3529 /* 40-CombinationSum2.swift */ = {isa = PBXFileReference; lastKnownFileType = sourcecode.swift; path = "40-CombinationSum2.swift"; sourceTree = "<group>"; };
		209F9260221FA5EA00EA3529 /* 216-CombinationSum3.swift */ = {isa = PBXFileReference; lastKnownFileType = sourcecode.swift; path = "216-CombinationSum3.swift"; sourceTree = "<group>"; };
		20A152FE21CFB20500B7CAA8 /* 79-WordSearch.swift */ = {isa = PBXFileReference; lastKnownFileType = sourcecode.swift; path = "79-WordSearch.swift"; sourceTree = "<group>"; };
		20A8AB69221FCEF400731C43 /* 78-Subsets.swift */ = {isa = PBXFileReference; lastKnownFileType = sourcecode.swift; path = "78-Subsets.swift"; sourceTree = "<group>"; };
		20A8AB6B221FD6FA00731C43 /* 90-SubsetsWithDup.swift */ = {isa = PBXFileReference; lastKnownFileType = sourcecode.swift; path = "90-SubsetsWithDup.swift"; sourceTree = "<group>"; };
		20A8AB6D221FDB6700731C43 /* 401-ReadBinaryWatch.swift */ = {isa = PBXFileReference; lastKnownFileType = sourcecode.swift; path = "401-ReadBinaryWatch.swift"; sourceTree = "<group>"; };
		20CFA67A220BF3B50009B21C /* 47-PermuteUnique.swift */ = {isa = PBXFileReference; lastKnownFileType = sourcecode.swift; path = "47-PermuteUnique.swift"; sourceTree = "<group>"; };
		20CFA67C220C00460009B21C /* 39-CombinationSum.swift */ = {isa = PBXFileReference; lastKnownFileType = sourcecode.swift; path = "39-CombinationSum.swift"; sourceTree = "<group>"; };
		20CFA67E220C193F0009B21C /* 200-NumIslands.swift */ = {isa = PBXFileReference; lastKnownFileType = sourcecode.swift; path = "200-NumIslands.swift"; sourceTree = "<group>"; };
		20CFA680220C39480009B21C /* 51-SolveNQueens.swift */ = {isa = PBXFileReference; lastKnownFileType = sourcecode.swift; path = "51-SolveNQueens.swift"; sourceTree = "<group>"; };
		20CFA76A220B1A7D00E87C95 /* 93-RestoreIpAddresses.swift */ = {isa = PBXFileReference; lastKnownFileType = sourcecode.swift; path = "93-RestoreIpAddresses.swift"; sourceTree = "<group>"; };
		20DC979F221E4F7C00D3FC7C /* 131-Partition.swift */ = {isa = PBXFileReference; lastKnownFileType = sourcecode.swift; path = "131-Partition.swift"; sourceTree = "<group>"; };
/* End PBXFileReference section */

/* Begin PBXFrameworksBuildPhase section */
		202FBE7921CDCCD0009308F3 /* Frameworks */ = {
			isa = PBXFrameworksBuildPhase;
			buildActionMask = 2147483647;
			files = (
			);
			runOnlyForDeploymentPostprocessing = 0;
		};
/* End PBXFrameworksBuildPhase section */

/* Begin PBXGroup section */
		202FBE7321CDCCD0009308F3 = {
			isa = PBXGroup;
			children = (
				202FBE7E21CDCCD0009308F3 /* Backtracking */,
				202FBE7D21CDCCD0009308F3 /* Products */,
			);
			sourceTree = "<group>";
		};
		202FBE7D21CDCCD0009308F3 /* Products */ = {
			isa = PBXGroup;
			children = (
				202FBE7C21CDCCD0009308F3 /* Backtracking */,
			);
			name = Products;
			sourceTree = "<group>";
		};
		202FBE7E21CDCCD0009308F3 /* Backtracking */ = {
			isa = PBXGroup;
			children = (
				202FBE7F21CDCCD0009308F3 /* main.swift */,
				2017B06421CE17CC00AA6FB6 /* 17-LetterCombinations.swift */,
				20CFA76A220B1A7D00E87C95 /* 93-RestoreIpAddresses.swift */,
				20DC979F221E4F7C00D3FC7C /* 131-Partition.swift */,
				2017B06621CE392C00AA6FB6 /* 46-Permutations.swift */,
				20CFA67A220BF3B50009B21C /* 47-PermuteUnique.swift */,
				2017B06821CE524B00AA6FB6 /* 77.-Combinations.swift */,
				20CFA67C220C00460009B21C /* 39-CombinationSum.swift */,
				209F925E221F90EB00EA3529 /* 40-CombinationSum2.swift */,
				209F9260221FA5EA00EA3529 /* 216-CombinationSum3.swift */,
				20A8AB69221FCEF400731C43 /* 78-Subsets.swift */,
				20A8AB6B221FD6FA00731C43 /* 90-SubsetsWithDup.swift */,
				20A8AB6D221FDB6700731C43 /* 401-ReadBinaryWatch.swift */,
				20A152FE21CFB20500B7CAA8 /* 79-WordSearch.swift */,
				20CFA67E220C193F0009B21C /* 200-NumIslands.swift */,
				20CFA680220C39480009B21C /* 51-SolveNQueens.swift */,
			);
			path = Backtracking;
			sourceTree = "<group>";
		};
/* End PBXGroup section */

/* Begin PBXNativeTarget section */
		202FBE7B21CDCCD0009308F3 /* Backtracking */ = {
			isa = PBXNativeTarget;
			buildConfigurationList = 202FBE8321CDCCD0009308F3 /* Build configuration list for PBXNativeTarget "Backtracking" */;
			buildPhases = (
				202FBE7821CDCCD0009308F3 /* Sources */,
				202FBE7921CDCCD0009308F3 /* Frameworks */,
				202FBE7A21CDCCD0009308F3 /* CopyFiles */,
			);
			buildRules = (
			);
			dependencies = (
			);
			name = Backtracking;
			productName = Backtracking;
			productReference = 202FBE7C21CDCCD0009308F3 /* Backtracking */;
			productType = "com.apple.product-type.tool";
		};
/* End PBXNativeTarget section */

/* Begin PBXProject section */
		202FBE7421CDCCD0009308F3 /* Project object */ = {
			isa = PBXProject;
			attributes = {
				LastSwiftUpdateCheck = 1010;
				LastUpgradeCheck = 1010;
				ORGANIZATIONNAME = CXL;
				TargetAttributes = {
					202FBE7B21CDCCD0009308F3 = {
						CreatedOnToolsVersion = 10.1;
					};
				};
			};
			buildConfigurationList = 202FBE7721CDCCD0009308F3 /* Build configuration list for PBXProject "Backtracking" */;
			compatibilityVersion = "Xcode 9.3";
			developmentRegion = en;
			hasScannedForEncodings = 0;
			knownRegions = (
				en,
			);
			mainGroup = 202FBE7321CDCCD0009308F3;
			productRefGroup = 202FBE7D21CDCCD0009308F3 /* Products */;
			projectDirPath = "";
			projectRoot = "";
			targets = (
				202FBE7B21CDCCD0009308F3 /* Backtracking */,
			);
		};
/* End PBXProject section */

/* Begin PBXSourcesBuildPhase section */
		202FBE7821CDCCD0009308F3 /* Sources */ = {
			isa = PBXSourcesBuildPhase;
			buildActionMask = 2147483647;
			files = (
				20A8AB6C221FD6FA00731C43 /* 90-SubsetsWithDup.swift in Sources */,
				20CFA67B220BF3B50009B21C /* 47-PermuteUnique.swift in Sources */,
				20CFA681220C39480009B21C /* 51-SolveNQueens.swift in Sources */,
				20CFA76B220B1A7D00E87C95 /* 93-RestoreIpAddresses.swift in Sources */,
				20CFA67F220C193F0009B21C /* 200-NumIslands.swift in Sources */,
				2017B06921CE524B00AA6FB6 /* 77.-Combinations.swift in Sources */,
				20CFA67D220C00460009B21C /* 39-CombinationSum.swift in Sources */,
				209F925F221F90EB00EA3529 /* 40-CombinationSum2.swift in Sources */,
				209F9261221FA5EA00EA3529 /* 216-CombinationSum3.swift in Sources */,
				202FBE8021CDCCD0009308F3 /* main.swift in Sources */,
				20A152FF21CFB20500B7CAA8 /* 79-WordSearch.swift in Sources */,
				2017B06721CE392C00AA6FB6 /* 46-Permutations.swift in Sources */,
				20DC97A0221E4F7C00D3FC7C /* 131-Partition.swift in Sources */,
				20A8AB6A221FCEF400731C43 /* 78-Subsets.swift in Sources */,
				20A8AB6E221FDB6700731C43 /* 401-ReadBinaryWatch.swift in Sources */,
				2017B06521CE17CC00AA6FB6 /* 17-LetterCombinations.swift in Sources */,
			);
			runOnlyForDeploymentPostprocessing = 0;
		};
/* End PBXSourcesBuildPhase section */

/* Begin XCBuildConfiguration section */
		202FBE8121CDCCD0009308F3 /* Debug */ = {
			isa = XCBuildConfiguration;
			buildSettings = {
				ALWAYS_SEARCH_USER_PATHS = NO;
				CLANG_ANALYZER_NONNULL = YES;
				CLANG_ANALYZER_NUMBER_OBJECT_CONVERSION = YES_AGGRESSIVE;
				CLANG_CXX_LANGUAGE_STANDARD = "gnu++14";
				CLANG_CXX_LIBRARY = "libc++";
				CLANG_ENABLE_MODULES = YES;
				CLANG_ENABLE_OBJC_ARC = YES;
				CLANG_ENABLE_OBJC_WEAK = YES;
				CLANG_WARN_BLOCK_CAPTURE_AUTORELEASING = YES;
				CLANG_WARN_BOOL_CONVERSION = YES;
				CLANG_WARN_COMMA = YES;
				CLANG_WARN_CONSTANT_CONVERSION = YES;
				CLANG_WARN_DEPRECATED_OBJC_IMPLEMENTATIONS = YES;
				CLANG_WARN_DIRECT_OBJC_ISA_USAGE = YES_ERROR;
				CLANG_WARN_DOCUMENTATION_COMMENTS = YES;
				CLANG_WARN_EMPTY_BODY = YES;
				CLANG_WARN_ENUM_CONVERSION = YES;
				CLANG_WARN_INFINITE_RECURSION = YES;
				CLANG_WARN_INT_CONVERSION = YES;
				CLANG_WARN_NON_LITERAL_NULL_CONVERSION = YES;
				CLANG_WARN_OBJC_IMPLICIT_RETAIN_SELF = YES;
				CLANG_WARN_OBJC_LITERAL_CONVERSION = YES;
				CLANG_WARN_OBJC_ROOT_CLASS = YES_ERROR;
				CLANG_WARN_RANGE_LOOP_ANALYSIS = YES;
				CLANG_WARN_STRICT_PROTOTYPES = YES;
				CLANG_WARN_SUSPICIOUS_MOVE = YES;
				CLANG_WARN_UNGUARDED_AVAILABILITY = YES_AGGRESSIVE;
				CLANG_WARN_UNREACHABLE_CODE = YES;
				CLANG_WARN__DUPLICATE_METHOD_MATCH = YES;
				CODE_SIGN_IDENTITY = "-";
				COPY_PHASE_STRIP = NO;
				DEBUG_INFORMATION_FORMAT = dwarf;
				ENABLE_STRICT_OBJC_MSGSEND = YES;
				ENABLE_TESTABILITY = YES;
				GCC_C_LANGUAGE_STANDARD = gnu11;
				GCC_DYNAMIC_NO_PIC = NO;
				GCC_NO_COMMON_BLOCKS = YES;
				GCC_OPTIMIZATION_LEVEL = 0;
				GCC_PREPROCESSOR_DEFINITIONS = (
					"DEBUG=1",
					"$(inherited)",
				);
				GCC_WARN_64_TO_32_BIT_CONVERSION = YES;
				GCC_WARN_ABOUT_RETURN_TYPE = YES_ERROR;
				GCC_WARN_UNDECLARED_SELECTOR = YES;
				GCC_WARN_UNINITIALIZED_AUTOS = YES_AGGRESSIVE;
				GCC_WARN_UNUSED_FUNCTION = YES;
				GCC_WARN_UNUSED_VARIABLE = YES;
				MACOSX_DEPLOYMENT_TARGET = 10.14;
				MTL_ENABLE_DEBUG_INFO = INCLUDE_SOURCE;
				MTL_FAST_MATH = YES;
				ONLY_ACTIVE_ARCH = YES;
				SDKROOT = macosx;
				SWIFT_ACTIVE_COMPILATION_CONDITIONS = DEBUG;
				SWIFT_OPTIMIZATION_LEVEL = "-Onone";
			};
			name = Debug;
		};
		202FBE8221CDCCD0009308F3 /* Release */ = {
			isa = XCBuildConfiguration;
			buildSettings = {
				ALWAYS_SEARCH_USER_PATHS = NO;
				CLANG_ANALYZER_NONNULL = YES;
				CLANG_ANALYZER_NUMBER_OBJECT_CONVERSION = YES_AGGRESSIVE;
				CLANG_CXX_LANGUAGE_STANDARD = "gnu++14";
				CLANG_CXX_LIBRARY = "libc++";
				CLANG_ENABLE_MODULES = YES;
				CLANG_ENABLE_OBJC_ARC = YES;
				CLANG_ENABLE_OBJC_WEAK = YES;
				CLANG_WARN_BLOCK_CAPTURE_AUTORELEASING = YES;
				CLANG_WARN_BOOL_CONVERSION = YES;
				CLANG_WARN_COMMA = YES;
				CLANG_WARN_CONSTANT_CONVERSION = YES;
				CLANG_WARN_DEPRECATED_OBJC_IMPLEMENTATIONS = YES;
				CLANG_WARN_DIRECT_OBJC_ISA_USAGE = YES_ERROR;
				CLANG_WARN_DOCUMENTATION_COMMENTS = YES;
				CLANG_WARN_EMPTY_BODY = YES;
				CLANG_WARN_ENUM_CONVERSION = YES;
				CLANG_WARN_INFINITE_RECURSION = YES;
				CLANG_WARN_INT_CONVERSION = YES;
				CLANG_WARN_NON_LITERAL_NULL_CONVERSION = YES;
				CLANG_WARN_OBJC_IMPLICIT_RETAIN_SELF = YES;
				CLANG_WARN_OBJC_LITERAL_CONVERSION = YES;
				CLANG_WARN_OBJC_ROOT_CLASS = YES_ERROR;
				CLANG_WARN_RANGE_LOOP_ANALYSIS = YES;
				CLANG_WARN_STRICT_PROTOTYPES = YES;
				CLANG_WARN_SUSPICIOUS_MOVE = YES;
				CLANG_WARN_UNGUARDED_AVAILABILITY = YES_AGGRESSIVE;
				CLANG_WARN_UNREACHABLE_CODE = YES;
				CLANG_WARN__DUPLICATE_METHOD_MATCH = YES;
				CODE_SIGN_IDENTITY = "-";
				COPY_PHASE_STRIP = NO;
				DEBUG_INFORMATION_FORMAT = "dwarf-with-dsym";
				ENABLE_NS_ASSERTIONS = NO;
				ENABLE_STRICT_OBJC_MSGSEND = YES;
				GCC_C_LANGUAGE_STANDARD = gnu11;
				GCC_NO_COMMON_BLOCKS = YES;
				GCC_WARN_64_TO_32_BIT_CONVERSION = YES;
				GCC_WARN_ABOUT_RETURN_TYPE = YES_ERROR;
				GCC_WARN_UNDECLARED_SELECTOR = YES;
				GCC_WARN_UNINITIALIZED_AUTOS = YES_AGGRESSIVE;
				GCC_WARN_UNUSED_FUNCTION = YES;
				GCC_WARN_UNUSED_VARIABLE = YES;
				MACOSX_DEPLOYMENT_TARGET = 10.14;
				MTL_ENABLE_DEBUG_INFO = NO;
				MTL_FAST_MATH = YES;
				SDKROOT = macosx;
				SWIFT_COMPILATION_MODE = wholemodule;
				SWIFT_OPTIMIZATION_LEVEL = "-O";
			};
			name = Release;
		};
		202FBE8421CDCCD0009308F3 /* Debug */ = {
			isa = XCBuildConfiguration;
			buildSettings = {
				CODE_SIGN_STYLE = Automatic;
				PRODUCT_NAME = "$(TARGET_NAME)";
				SWIFT_VERSION = 4.2;
			};
			name = Debug;
		};
		202FBE8521CDCCD0009308F3 /* Release */ = {
			isa = XCBuildConfiguration;
			buildSettings = {
				CODE_SIGN_STYLE = Automatic;
				PRODUCT_NAME = "$(TARGET_NAME)";
				SWIFT_VERSION = 4.2;
			};
			name = Release;
		};
/* End XCBuildConfiguration section */

/* Begin XCConfigurationList section */
		202FBE7721CDCCD0009308F3 /* Build configuration list for PBXProject "Backtracking" */ = {
			isa = XCConfigurationList;
			buildConfigurations = (
				202FBE8121CDCCD0009308F3 /* Debug */,
				202FBE8221CDCCD0009308F3 /* Release */,
			);
			defaultConfigurationIsVisible = 0;
			defaultConfigurationName = Release;
		};
		202FBE8321CDCCD0009308F3 /* Build configuration list for PBXNativeTarget "Backtracking" */ = {
			isa = XCConfigurationList;
			buildConfigurations = (
				202FBE8421CDCCD0009308F3 /* Debug */,
				202FBE8521CDCCD0009308F3 /* Release */,
			);
			defaultConfigurationIsVisible = 0;
			defaultConfigurationName = Release;
		};
/* End XCConfigurationList section */
	};
	rootObject = 202FBE7421CDCCD0009308F3 /* Project object */;
}
